{
  "name": "algolia-gen-ai-recs",
  "version": "0.1.0",
  "lockfileVersion": 3,
  "requires": true,
  "packages": {
    "": {
      "name": "algolia-gen-ai-recs",
      "version": "0.1.0",
      "dependencies": {
        "@algolia/recommend-react": "^1.14.0",
        "algoliasearch": "^4.23.3",
        "instantsearch.css": "^8.1.0",
        "next": "14.1.4",
        "openai": "^4.36.0",
        "react": "^18",
        "react-dom": "^18",
        "react-instantsearch": "^7.7.1"
      }
    },
    "node_modules/@algolia/cache-browser-local-storage": {
      "version": "4.23.3",
      "resolved": "https://registry.npmjs.org/@algolia/cache-browser-local-storage/-/cache-browser-local-storage-4.23.3.tgz",
      "integrity": "sha512-vRHXYCpPlTDE7i6UOy2xE03zHF2C8MEFjPN2v7fRbqVpcOvAUQK81x3Kc21xyb5aSIpYCjWCZbYZuz8Glyzyyg==",
      "dependencies": {
        "@algolia/cache-common": "4.23.3"
      }
    },
    "node_modules/@algolia/cache-common": {
      "version": "4.23.3",
      "resolved": "https://registry.npmjs.org/@algolia/cache-common/-/cache-common-4.23.3.tgz",
      "integrity": "sha512-h9XcNI6lxYStaw32pHpB1TMm0RuxphF+Ik4o7tcQiodEdpKK+wKufY6QXtba7t3k8eseirEMVB83uFFF3Nu54A=="
    },
    "node_modules/@algolia/cache-in-memory": {
      "version": "4.23.3",
      "resolved": "https://registry.npmjs.org/@algolia/cache-in-memory/-/cache-in-memory-4.23.3.tgz",
      "integrity": "sha512-yvpbuUXg/+0rbcagxNT7un0eo3czx2Uf0y4eiR4z4SD7SiptwYTpbuS0IHxcLHG3lq22ukx1T6Kjtk/rT+mqNg==",
      "dependencies": {
        "@algolia/cache-common": "4.23.3"
      }
    },
    "node_modules/@algolia/client-account": {
      "version": "4.23.3",
      "resolved": "https://registry.npmjs.org/@algolia/client-account/-/client-account-4.23.3.tgz",
      "integrity": "sha512-hpa6S5d7iQmretHHF40QGq6hz0anWEHGlULcTIT9tbUssWUriN9AUXIFQ8Ei4w9azD0hc1rUok9/DeQQobhQMA==",
      "dependencies": {
        "@algolia/client-common": "4.23.3",
        "@algolia/client-search": "4.23.3",
        "@algolia/transporter": "4.23.3"
      }
    },
    "node_modules/@algolia/client-analytics": {
      "version": "4.23.3",
      "resolved": "https://registry.npmjs.org/@algolia/client-analytics/-/client-analytics-4.23.3.tgz",
      "integrity": "sha512-LBsEARGS9cj8VkTAVEZphjxTjMVCci+zIIiRhpFun9jGDUlS1XmhCW7CTrnaWeIuCQS/2iPyRqSy1nXPjcBLRA==",
      "dependencies": {
        "@algolia/client-common": "4.23.3",
        "@algolia/client-search": "4.23.3",
        "@algolia/requester-common": "4.23.3",
        "@algolia/transporter": "4.23.3"
      }
    },
    "node_modules/@algolia/client-common": {
      "version": "4.23.3",
      "resolved": "https://registry.npmjs.org/@algolia/client-common/-/client-common-4.23.3.tgz",
      "integrity": "sha512-l6EiPxdAlg8CYhroqS5ybfIczsGUIAC47slLPOMDeKSVXYG1n0qGiz4RjAHLw2aD0xzh2EXZ7aRguPfz7UKDKw==",
      "dependencies": {
        "@algolia/requester-common": "4.23.3",
        "@algolia/transporter": "4.23.3"
      }
    },
    "node_modules/@algolia/client-personalization": {
      "version": "4.23.3",
      "resolved": "https://registry.npmjs.org/@algolia/client-personalization/-/client-personalization-4.23.3.tgz",
      "integrity": "sha512-3E3yF3Ocr1tB/xOZiuC3doHQBQ2zu2MPTYZ0d4lpfWads2WTKG7ZzmGnsHmm63RflvDeLK/UVx7j2b3QuwKQ2g==",
      "dependencies": {
        "@algolia/client-common": "4.23.3",
        "@algolia/requester-common": "4.23.3",
        "@algolia/transporter": "4.23.3"
      }
    },
    "node_modules/@algolia/client-search": {
      "version": "4.23.3",
      "resolved": "https://registry.npmjs.org/@algolia/client-search/-/client-search-4.23.3.tgz",
      "integrity": "sha512-P4VAKFHqU0wx9O+q29Q8YVuaowaZ5EM77rxfmGnkHUJggh28useXQdopokgwMeYw2XUht49WX5RcTQ40rZIabw==",
      "dependencies": {
        "@algolia/client-common": "4.23.3",
        "@algolia/requester-common": "4.23.3",
        "@algolia/transporter": "4.23.3"
      }
    },
    "node_modules/@algolia/events": {
      "version": "4.0.1",
      "resolved": "https://registry.npmjs.org/@algolia/events/-/events-4.0.1.tgz",
      "integrity": "sha512-FQzvOCgoFXAbf5Y6mYozw2aj5KCJoA3m4heImceldzPSMbdyS4atVjJzXKMsfX3wnZTFYwkkt8/z8UesLHlSBQ=="
    },
    "node_modules/@algolia/logger-common": {
      "version": "4.23.3",
      "resolved": "https://registry.npmjs.org/@algolia/logger-common/-/logger-common-4.23.3.tgz",
      "integrity": "sha512-y9kBtmJwiZ9ZZ+1Ek66P0M68mHQzKRxkW5kAAXYN/rdzgDN0d2COsViEFufxJ0pb45K4FRcfC7+33YB4BLrZ+g=="
    },
    "node_modules/@algolia/logger-console": {
      "version": "4.23.3",
      "resolved": "https://registry.npmjs.org/@algolia/logger-console/-/logger-console-4.23.3.tgz",
      "integrity": "sha512-8xoiseoWDKuCVnWP8jHthgaeobDLolh00KJAdMe9XPrWPuf1by732jSpgy2BlsLTaT9m32pHI8CRfrOqQzHv3A==",
      "dependencies": {
        "@algolia/logger-common": "4.23.3"
      }
    },
    "node_modules/@algolia/recommend": {
      "version": "4.23.3",
      "resolved": "https://registry.npmjs.org/@algolia/recommend/-/recommend-4.23.3.tgz",
      "integrity": "sha512-9fK4nXZF0bFkdcLBRDexsnGzVmu4TSYZqxdpgBW2tEyfuSSY54D4qSRkLmNkrrz4YFvdh2GM1gA8vSsnZPR73w==",
      "dependencies": {
        "@algolia/cache-browser-local-storage": "4.23.3",
        "@algolia/cache-common": "4.23.3",
        "@algolia/cache-in-memory": "4.23.3",
        "@algolia/client-common": "4.23.3",
        "@algolia/client-search": "4.23.3",
        "@algolia/logger-common": "4.23.3",
        "@algolia/logger-console": "4.23.3",
        "@algolia/requester-browser-xhr": "4.23.3",
        "@algolia/requester-common": "4.23.3",
        "@algolia/requester-node-http": "4.23.3",
        "@algolia/transporter": "4.23.3"
      }
    },
    "node_modules/@algolia/recommend-core": {
      "version": "1.14.0",
      "resolved": "https://registry.npmjs.org/@algolia/recommend-core/-/recommend-core-1.14.0.tgz",
      "integrity": "sha512-qgWvLRuvTLw9Z0J1+/047u/oJKfo52VnlIzRjSuMmepxuWDZBxs28BHMLMPhlnqiMnCXlEA7gqX86xyMtv0+Xg==",
      "peerDependencies": {
        "@algolia/recommend": "^4.22.1"
      }
    },
    "node_modules/@algolia/recommend-react": {
      "version": "1.14.0",
      "resolved": "https://registry.npmjs.org/@algolia/recommend-react/-/recommend-react-1.14.0.tgz",
      "integrity": "sha512-jvuP6xJ4eDFNbvb9d3OWQ68SjhYHJ7/703Ok/bzDL+2EKjnwgQEktzArWUxaLgUqMNYMCVyeUqAwVQ9ACRIPtg==",
      "dependencies": {
        "@algolia/recommend-core": "1.14.0",
        "@algolia/recommend-vdom": "1.14.0",
        "dequal": "2.0.3"
      },
      "peerDependencies": {
        "@algolia/recommend": "^4.22.1",
        "react": ">= 16.8.0 < 19",
        "react-dom": ">= 16.8.0 < 19"
      }
    },
    "node_modules/@algolia/recommend-vdom": {
      "version": "1.14.0",
      "resolved": "https://registry.npmjs.org/@algolia/recommend-vdom/-/recommend-vdom-1.14.0.tgz",
      "integrity": "sha512-aibM/qPICCVTM9F5Xyr24vdzwGf+WaB8PQ4/QJzZPySabCsCAxZO7w77Ze0XaBVSKPHtWcEe7S26AKEjBtvQDg=="
    },
    "node_modules/@algolia/requester-browser-xhr": {
      "version": "4.23.3",
      "resolved": "https://registry.npmjs.org/@algolia/requester-browser-xhr/-/requester-browser-xhr-4.23.3.tgz",
      "integrity": "sha512-jDWGIQ96BhXbmONAQsasIpTYWslyjkiGu0Quydjlowe+ciqySpiDUrJHERIRfELE5+wFc7hc1Q5hqjGoV7yghw==",
      "dependencies": {
        "@algolia/requester-common": "4.23.3"
      }
    },
    "node_modules/@algolia/requester-common": {
      "version": "4.23.3",
      "resolved": "https://registry.npmjs.org/@algolia/requester-common/-/requester-common-4.23.3.tgz",
      "integrity": "sha512-xloIdr/bedtYEGcXCiF2muajyvRhwop4cMZo+K2qzNht0CMzlRkm8YsDdj5IaBhshqfgmBb3rTg4sL4/PpvLYw=="
    },
    "node_modules/@algolia/requester-node-http": {
      "version": "4.23.3",
      "resolved": "https://registry.npmjs.org/@algolia/requester-node-http/-/requester-node-http-4.23.3.tgz",
      "integrity": "sha512-zgu++8Uj03IWDEJM3fuNl34s746JnZOWn1Uz5taV1dFyJhVM/kTNw9Ik7YJWiUNHJQXcaD8IXD1eCb0nq/aByA==",
      "dependencies": {
        "@algolia/requester-common": "4.23.3"
      }
    },
    "node_modules/@algolia/transporter": {
      "version": "4.23.3",
      "resolved": "https://registry.npmjs.org/@algolia/transporter/-/transporter-4.23.3.tgz",
      "integrity": "sha512-Wjl5gttqnf/gQKJA+dafnD0Y6Yw97yvfY8R9h0dQltX1GXTgNs1zWgvtWW0tHl1EgMdhAyw189uWiZMnL3QebQ==",
      "dependencies": {
        "@algolia/cache-common": "4.23.3",
        "@algolia/logger-common": "4.23.3",
        "@algolia/requester-common": "4.23.3"
      }
    },
    "node_modules/@babel/runtime": {
      "version": "7.24.4",
      "resolved": "https://registry.npmjs.org/@babel/runtime/-/runtime-7.24.4.tgz",
      "integrity": "sha512-dkxf7+hn8mFBwKjs9bvBlArzLVxVbS8usaPUDd5p2a9JCL9tB8OaOVN1isD4+Xyk4ns89/xeOmbQvgdK7IIVdA==",
      "dependencies": {
        "regenerator-runtime": "^0.14.0"
      },
      "engines": {
        "node": ">=6.9.0"
      }
    },
    "node_modules/@next/env": {
      "version": "14.1.4",
      "resolved": "https://registry.npmjs.org/@next/env/-/env-14.1.4.tgz",
      "integrity": "sha512-e7X7bbn3Z6DWnDi75UWn+REgAbLEqxI8Tq2pkFOFAMpWAWApz/YCUhtWMWn410h8Q2fYiYL7Yg5OlxMOCfFjJQ=="
    },
    "node_modules/@next/swc-darwin-arm64": {
      "version": "14.1.4",
      "resolved": "https://registry.npmjs.org/@next/swc-darwin-arm64/-/swc-darwin-arm64-14.1.4.tgz",
      "integrity": "sha512-ubmUkbmW65nIAOmoxT1IROZdmmJMmdYvXIe8211send9ZYJu+SqxSnJM4TrPj9wmL6g9Atvj0S/2cFmMSS99jg==",
      "cpu": [
        "arm64"
      ],
      "optional": true,
      "os": [
        "darwin"
      ],
      "engines": {
        "node": ">= 10"
      }
    },
    "node_modules/@next/swc-darwin-x64": {
      "version": "14.1.4",
      "resolved": "https://registry.npmjs.org/@next/swc-darwin-x64/-/swc-darwin-x64-14.1.4.tgz",
      "integrity": "sha512-b0Xo1ELj3u7IkZWAKcJPJEhBop117U78l70nfoQGo4xUSvv0PJSTaV4U9xQBLvZlnjsYkc8RwQN1HoH/oQmLlQ==",
      "cpu": [
        "x64"
      ],
      "optional": true,
      "os": [
        "darwin"
      ],
      "engines": {
        "node": ">= 10"
      }
    },
    "node_modules/@next/swc-linux-arm64-gnu": {
      "version": "14.1.4",
      "resolved": "https://registry.npmjs.org/@next/swc-linux-arm64-gnu/-/swc-linux-arm64-gnu-14.1.4.tgz",
      "integrity": "sha512-457G0hcLrdYA/u1O2XkRMsDKId5VKe3uKPvrKVOyuARa6nXrdhJOOYU9hkKKyQTMru1B8qEP78IAhf/1XnVqKA==",
      "cpu": [
        "arm64"
      ],
      "optional": true,
      "os": [
        "linux"
      ],
      "engines": {
        "node": ">= 10"
      }
    },
    "node_modules/@next/swc-linux-arm64-musl": {
      "version": "14.1.4",
      "resolved": "https://registry.npmjs.org/@next/swc-linux-arm64-musl/-/swc-linux-arm64-musl-14.1.4.tgz",
      "integrity": "sha512-l/kMG+z6MB+fKA9KdtyprkTQ1ihlJcBh66cf0HvqGP+rXBbOXX0dpJatjZbHeunvEHoBBS69GYQG5ry78JMy3g==",
      "cpu": [
        "arm64"
      ],
      "optional": true,
      "os": [
        "linux"
      ],
      "engines": {
        "node": ">= 10"
      }
    },
    "node_modules/@next/swc-linux-x64-gnu": {
      "version": "14.1.4",
      "resolved": "https://registry.npmjs.org/@next/swc-linux-x64-gnu/-/swc-linux-x64-gnu-14.1.4.tgz",
      "integrity": "sha512-BapIFZ3ZRnvQ1uWbmqEGJuPT9cgLwvKtxhK/L2t4QYO7l+/DxXuIGjvp1x8rvfa/x1FFSsipERZK70pewbtJtw==",
      "cpu": [
        "x64"
      ],
      "optional": true,
      "os": [
        "linux"
      ],
      "engines": {
        "node": ">= 10"
      }
    },
    "node_modules/@next/swc-linux-x64-musl": {
      "version": "14.1.4",
      "resolved": "https://registry.npmjs.org/@next/swc-linux-x64-musl/-/swc-linux-x64-musl-14.1.4.tgz",
      "integrity": "sha512-mqVxTwk4XuBl49qn2A5UmzFImoL1iLm0KQQwtdRJRKl21ylQwwGCxJtIYo2rbfkZHoSKlh/YgztY0qH3wG1xIg==",
      "cpu": [
        "x64"
      ],
      "optional": true,
      "os": [
        "linux"
      ],
      "engines": {
        "node": ">= 10"
      }
    },
    "node_modules/@next/swc-win32-arm64-msvc": {
      "version": "14.1.4",
      "resolved": "https://registry.npmjs.org/@next/swc-win32-arm64-msvc/-/swc-win32-arm64-msvc-14.1.4.tgz",
      "integrity": "sha512-xzxF4ErcumXjO2Pvg/wVGrtr9QQJLk3IyQX1ddAC/fi6/5jZCZ9xpuL9Tzc4KPWMFq8GGWFVDMshZOdHGdkvag==",
      "cpu": [
        "arm64"
      ],
      "optional": true,
      "os": [
        "win32"
      ],
      "engines": {
        "node": ">= 10"
      }
    },
    "node_modules/@next/swc-win32-ia32-msvc": {
      "version": "14.1.4",
      "resolved": "https://registry.npmjs.org/@next/swc-win32-ia32-msvc/-/swc-win32-ia32-msvc-14.1.4.tgz",
      "integrity": "sha512-WZiz8OdbkpRw6/IU/lredZWKKZopUMhcI2F+XiMAcPja0uZYdMTZQRoQ0WZcvinn9xZAidimE7tN9W5v9Yyfyw==",
      "cpu": [
        "ia32"
      ],
      "optional": true,
      "os": [
        "win32"
      ],
      "engines": {
        "node": ">= 10"
      }
    },
    "node_modules/@next/swc-win32-x64-msvc": {
      "version": "14.1.4",
      "resolved": "https://registry.npmjs.org/@next/swc-win32-x64-msvc/-/swc-win32-x64-msvc-14.1.4.tgz",
      "integrity": "sha512-4Rto21sPfw555sZ/XNLqfxDUNeLhNYGO2dlPqsnuCg8N8a2a9u1ltqBOPQ4vj1Gf7eJC0W2hHG2eYUHuiXgY2w==",
      "cpu": [
        "x64"
      ],
      "optional": true,
      "os": [
        "win32"
      ],
      "engines": {
        "node": ">= 10"
      }
    },
    "node_modules/@swc/helpers": {
      "version": "0.5.2",
      "resolved": "https://registry.npmjs.org/@swc/helpers/-/helpers-0.5.2.tgz",
      "integrity": "sha512-E4KcWTpoLHqwPHLxidpOqQbcrZVgi0rsmmZXUle1jXmJfuIf/UWpczUJ7MZZ5tlxytgJXyp0w4PGkkeLiuIdZw==",
      "dependencies": {
        "tslib": "^2.4.0"
      }
    },
    "node_modules/@types/dom-speech-recognition": {
      "version": "0.0.1",
      "resolved": "https://registry.npmjs.org/@types/dom-speech-recognition/-/dom-speech-recognition-0.0.1.tgz",
      "integrity": "sha512-udCxb8DvjcDKfk1WTBzDsxFbLgYxmQGKrE/ricoMqHRNjSlSUCcamVTA5lIQqzY10mY5qCY0QDwBfFEwhfoDPw=="
    },
    "node_modules/@types/google.maps": {
      "version": "3.55.7",
      "resolved": "https://registry.npmjs.org/@types/google.maps/-/google.maps-3.55.7.tgz",
      "integrity": "sha512-SlWFx0vo7RSAOC63+PTz8FeqLDaRYs7PrS/L0bZSKswxIN5TnCuckbeIwZpgD/S+DWalPteXfDbg5JsUER5Cyw=="
    },
    "node_modules/@types/hogan.js": {
      "version": "3.0.5",
      "resolved": "https://registry.npmjs.org/@types/hogan.js/-/hogan.js-3.0.5.tgz",
      "integrity": "sha512-/uRaY3HGPWyLqOyhgvW9Aa43BNnLZrNeQxl2p8wqId4UHMfPKolSB+U7BlZyO1ng7MkLnyEAItsBzCG0SDhqrA=="
    },
    "node_modules/@types/node": {
      "version": "18.19.31",
      "resolved": "https://registry.npmjs.org/@types/node/-/node-18.19.31.tgz",
      "integrity": "sha512-ArgCD39YpyyrtFKIqMDvjz79jto5fcI/SVUs2HwB+f0dAzq68yqOdyaSivLiLugSziTpNXLQrVb7RZFmdZzbhA==",
      "dependencies": {
        "undici-types": "~5.26.4"
      }
    },
    "node_modules/@types/node-fetch": {
      "version": "2.6.11",
      "resolved": "https://registry.npmjs.org/@types/node-fetch/-/node-fetch-2.6.11.tgz",
      "integrity": "sha512-24xFj9R5+rfQJLRyM56qh+wnVSYhyXC2tkoBndtY0U+vubqNsYXGjufB2nn8Q6gt0LrARwL6UBtMCSVCwl4B1g==",
      "dependencies": {
        "@types/node": "*",
        "form-data": "^4.0.0"
      }
    },
    "node_modules/@types/qs": {
      "version": "6.9.14",
      "resolved": "https://registry.npmjs.org/@types/qs/-/qs-6.9.14.tgz",
      "integrity": "sha512-5khscbd3SwWMhFqylJBLQ0zIu7c1K6Vz0uBIt915BI3zV0q1nfjRQD3RqSBcPaO6PHEF4ov/t9y89fSiyThlPA=="
    },
    "node_modules/abbrev": {
      "version": "1.1.1",
      "resolved": "https://registry.npmjs.org/abbrev/-/abbrev-1.1.1.tgz",
      "integrity": "sha512-nne9/IiQ/hzIhY6pdDnbBtz7DjPTKrY00P/zvPSm5pOFkl6xuGrGnXn/VtTNNfNtAfZ9/1RtehkszU9qcTii0Q=="
    },
    "node_modules/abort-controller": {
      "version": "3.0.0",
      "resolved": "https://registry.npmjs.org/abort-controller/-/abort-controller-3.0.0.tgz",
      "integrity": "sha512-h8lQ8tacZYnR3vNQTgibj+tODHI5/+l06Au2Pcriv/Gmet0eaj4TwWH41sO9wnHDiQsEj19q0drzdWdeAHtweg==",
      "dependencies": {
        "event-target-shim": "^5.0.0"
      },
      "engines": {
        "node": ">=6.5"
      }
    },
    "node_modules/agentkeepalive": {
      "version": "4.5.0",
      "resolved": "https://registry.npmjs.org/agentkeepalive/-/agentkeepalive-4.5.0.tgz",
      "integrity": "sha512-5GG/5IbQQpC9FpkRGsSvZI5QYeSCzlJHdpBQntCsuTOxhKD8lqKhrleg2Yi7yvMIf82Ycmmqln9U8V9qwEiJew==",
      "dependencies": {
        "humanize-ms": "^1.2.1"
      },
      "engines": {
        "node": ">= 8.0.0"
      }
    },
    "node_modules/algoliasearch": {
      "version": "4.23.3",
      "resolved": "https://registry.npmjs.org/algoliasearch/-/algoliasearch-4.23.3.tgz",
      "integrity": "sha512-Le/3YgNvjW9zxIQMRhUHuhiUjAlKY/zsdZpfq4dlLqg6mEm0nL6yk+7f2hDOtLpxsgE4jSzDmvHL7nXdBp5feg==",
      "dependencies": {
        "@algolia/cache-browser-local-storage": "4.23.3",
        "@algolia/cache-common": "4.23.3",
        "@algolia/cache-in-memory": "4.23.3",
        "@algolia/client-account": "4.23.3",
        "@algolia/client-analytics": "4.23.3",
        "@algolia/client-common": "4.23.3",
        "@algolia/client-personalization": "4.23.3",
        "@algolia/client-search": "4.23.3",
        "@algolia/logger-common": "4.23.3",
        "@algolia/logger-console": "4.23.3",
        "@algolia/recommend": "4.23.3",
        "@algolia/requester-browser-xhr": "4.23.3",
        "@algolia/requester-common": "4.23.3",
        "@algolia/requester-node-http": "4.23.3",
        "@algolia/transporter": "4.23.3"
      }
    },
    "node_modules/algoliasearch-helper": {
      "version": "3.17.0",
      "resolved": "https://registry.npmjs.org/algoliasearch-helper/-/algoliasearch-helper-3.17.0.tgz",
      "integrity": "sha512-R5422OiQjvjlK3VdpNQ/Qk7KsTIGeM5ACm8civGifOVWdRRV/3SgXuKmeNxe94Dz6fwj/IgpVmXbHutU4mHubg==",
      "dependencies": {
        "@algolia/events": "^4.0.1"
      },
      "peerDependencies": {
        "algoliasearch": ">= 3.1 < 6"
      }
    },
    "node_modules/asynckit": {
      "version": "0.4.0",
      "resolved": "https://registry.npmjs.org/asynckit/-/asynckit-0.4.0.tgz",
      "integrity": "sha512-Oei9OH4tRh0YqU3GxhX79dM/mwVgvbZJaSNaRk+bshkj0S5cfHcgYakreBjrHwatXKbz+IoIdYLxrKim2MjW0Q=="
    },
    "node_modules/busboy": {
      "version": "1.6.0",
      "resolved": "https://registry.npmjs.org/busboy/-/busboy-1.6.0.tgz",
      "integrity": "sha512-8SFQbg/0hQ9xy3UNTB0YEnsNBbWfhf7RtnzpL7TkBiTBRfrQ9Fxcnz7VJsleJpyp6rVLvXiuORqjlHi5q+PYuA==",
      "dependencies": {
        "streamsearch": "^1.1.0"
      },
      "engines": {
        "node": ">=10.16.0"
      }
    },
    "node_modules/caniuse-lite": {
      "version": "1.0.30001607",
      "resolved": "https://registry.npmjs.org/caniuse-lite/-/caniuse-lite-1.0.30001607.tgz",
      "integrity": "sha512-WcvhVRjXLKFB/kmOFVwELtMxyhq3iM/MvmXcyCe2PNf166c39mptscOc/45TTS96n2gpNV2z7+NakArTWZCQ3w==",
      "funding": [
        {
          "type": "opencollective",
          "url": "https://opencollective.com/browserslist"
        },
        {
          "type": "tidelift",
          "url": "https://tidelift.com/funding/github/npm/caniuse-lite"
        },
        {
          "type": "github",
          "url": "https://github.com/sponsors/ai"
        }
      ]
    },
    "node_modules/client-only": {
      "version": "0.0.1",
      "resolved": "https://registry.npmjs.org/client-only/-/client-only-0.0.1.tgz",
      "integrity": "sha512-IV3Ou0jSMzZrd3pZ48nLkT9DA7Ag1pnPzaiQhpW7c3RbcqqzvzzVu+L8gfqMp/8IM2MQtSiqaCxrrcfu8I8rMA=="
    },
    "node_modules/combined-stream": {
      "version": "1.0.8",
      "resolved": "https://registry.npmjs.org/combined-stream/-/combined-stream-1.0.8.tgz",
      "integrity": "sha512-FQN4MRfuJeHf7cBbBMJFXhKSDq+2kAArBlmRBvcvFE5BB1HZKXtSFASDhdlz9zOYwxh8lDdnvmMOe/+5cdoEdg==",
      "dependencies": {
        "delayed-stream": "~1.0.0"
      },
      "engines": {
        "node": ">= 0.8"
      }
    },
    "node_modules/delayed-stream": {
      "version": "1.0.0",
      "resolved": "https://registry.npmjs.org/delayed-stream/-/delayed-stream-1.0.0.tgz",
      "integrity": "sha512-ZySD7Nf91aLB0RxL4KGrKHBXl7Eds1DAmEdcoVawXnLD7SDhpNgtuII2aAkg7a7QS41jxPSZ17p4VdGnMHk3MQ==",
      "engines": {
        "node": ">=0.4.0"
      }
    },
    "node_modules/dequal": {
      "version": "2.0.3",
      "resolved": "https://registry.npmjs.org/dequal/-/dequal-2.0.3.tgz",
      "integrity": "sha512-0je+qPKHEMohvfRTCEo3CrPG6cAzAYgmzKyxRiYSSDkS6eGJdyVJm7WaYA5ECaAD9wLB2T4EEeymA5aFVcYXCA==",
      "engines": {
        "node": ">=6"
      }
    },
    "node_modules/event-target-shim": {
      "version": "5.0.1",
      "resolved": "https://registry.npmjs.org/event-target-shim/-/event-target-shim-5.0.1.tgz",
      "integrity": "sha512-i/2XbnSz/uxRCU6+NdVJgKWDTM427+MqYbkQzD321DuCQJUqOuJKIA0IM2+W2xtYHdKOmZ4dR6fExsd4SXL+WQ==",
      "engines": {
        "node": ">=6"
      }
    },
    "node_modules/form-data": {
      "version": "4.0.0",
      "resolved": "https://registry.npmjs.org/form-data/-/form-data-4.0.0.tgz",
      "integrity": "sha512-ETEklSGi5t0QMZuiXoA/Q6vcnxcLQP5vdugSpuAyi6SVGi2clPPp+xgEhuMaHC+zGgn31Kd235W35f7Hykkaww==",
      "dependencies": {
        "asynckit": "^0.4.0",
        "combined-stream": "^1.0.8",
        "mime-types": "^2.1.12"
      },
      "engines": {
        "node": ">= 6"
      }
    },
    "node_modules/form-data-encoder": {
      "version": "1.7.2",
      "resolved": "https://registry.npmjs.org/form-data-encoder/-/form-data-encoder-1.7.2.tgz",
      "integrity": "sha512-qfqtYan3rxrnCk1VYaA4H+Ms9xdpPqvLZa6xmMgFvhO32x7/3J/ExcTd6qpxM0vH2GdMI+poehyBZvqfMTto8A=="
    },
    "node_modules/formdata-node": {
      "version": "4.4.1",
      "resolved": "https://registry.npmjs.org/formdata-node/-/formdata-node-4.4.1.tgz",
      "integrity": "sha512-0iirZp3uVDjVGt9p49aTaqjk84TrglENEDuqfdlZQ1roC9CWlPk6Avf8EEnZNcAqPonwkG35x4n3ww/1THYAeQ==",
      "dependencies": {
        "node-domexception": "1.0.0",
        "web-streams-polyfill": "4.0.0-beta.3"
      },
      "engines": {
        "node": ">= 12.20"
      }
    },
    "node_modules/formdata-node/node_modules/web-streams-polyfill": {
      "version": "4.0.0-beta.3",
      "resolved": "https://registry.npmjs.org/web-streams-polyfill/-/web-streams-polyfill-4.0.0-beta.3.tgz",
      "integrity": "sha512-QW95TCTaHmsYfHDybGMwO5IJIM93I/6vTRk+daHTWFPhwh+C8Cg7j7XyKrwrj8Ib6vYXe0ocYNrmzY4xAAN6ug==",
      "engines": {
        "node": ">= 14"
      }
    },
    "node_modules/graceful-fs": {
      "version": "4.2.11",
      "resolved": "https://registry.npmjs.org/graceful-fs/-/graceful-fs-4.2.11.tgz",
      "integrity": "sha512-RbJ5/jmFcNNCcDV5o9eTnBLJ/HszWV0P73bc+Ff4nS/rJj+YaS6IGyiOL0VoBYX+l1Wrl3k63h/KrH+nhJ0XvQ=="
    },
    "node_modules/hogan.js": {
      "version": "3.0.2",
      "resolved": "https://registry.npmjs.org/hogan.js/-/hogan.js-3.0.2.tgz",
      "integrity": "sha512-RqGs4wavGYJWE07t35JQccByczmNUXQT0E12ZYV1VKYu5UiAU9lsos/yBAcf840+zrUQQxgVduCR5/B8nNtibg==",
      "dependencies": {
        "mkdirp": "0.3.0",
        "nopt": "1.0.10"
      },
      "bin": {
        "hulk": "bin/hulk"
      }
    },
    "node_modules/htm": {
      "version": "3.1.1",
      "resolved": "https://registry.npmjs.org/htm/-/htm-3.1.1.tgz",
      "integrity": "sha512-983Vyg8NwUE7JkZ6NmOqpCZ+sh1bKv2iYTlUkzlWmA5JD2acKoxd4KVxbMmxX/85mtfdnDmTFoNKcg5DGAvxNQ=="
    },
    "node_modules/humanize-ms": {
      "version": "1.2.1",
      "resolved": "https://registry.npmjs.org/humanize-ms/-/humanize-ms-1.2.1.tgz",
      "integrity": "sha512-Fl70vYtsAFb/C06PTS9dZBo7ihau+Tu/DNCk/OyHhea07S+aeMWpFFkUaXRa8fI+ScZbEI8dfSxwY7gxZ9SAVQ==",
      "dependencies": {
        "ms": "^2.0.0"
      }
    },
    "node_modules/instantsearch-ui-components": {
      "version": "0.4.0",
      "resolved": "https://registry.npmjs.org/instantsearch-ui-components/-/instantsearch-ui-components-0.4.0.tgz",
      "integrity": "sha512-Isa9Ankm89e9PUXsUto6TxYzcQpXKlWZMsKLXc//dO4i9q5JS8s0Es+c+U65jRLK2j1DiVlNx/Z6HshRIZwA8w==",
      "dependencies": {
        "@babel/runtime": "^7.1.2"
      }
    },
    "node_modules/instantsearch.css": {
      "version": "8.1.0",
      "resolved": "https://registry.npmjs.org/instantsearch.css/-/instantsearch.css-8.1.0.tgz",
      "integrity": "sha512-rPhcAZ02bLwUn3iOXbldZW/yl+17guWoH3qWYZ8nQEwNBx5+wZ6Bv8mFqqK448+R2aU4nbFKIhmoTIPXI5Zobg=="
    },
    "node_modules/instantsearch.js": {
      "version": "4.66.1",
      "resolved": "https://registry.npmjs.org/instantsearch.js/-/instantsearch.js-4.66.1.tgz",
      "integrity": "sha512-RXFLrDSVHTBXeaGrS9Gqb6Vo1a6U0iCoDzNsJDn2kzIGjzP/SaFVLMdFW5ewAgCn9EUPmP2yImQv7mqgzmxe/g==",
      "dependencies": {
        "@algolia/events": "^4.0.1",
        "@types/dom-speech-recognition": "^0.0.1",
        "@types/google.maps": "^3.45.3",
        "@types/hogan.js": "^3.0.0",
        "@types/qs": "^6.5.3",
        "algoliasearch-helper": "3.17.0",
        "hogan.js": "^3.0.2",
        "htm": "^3.0.0",
        "instantsearch-ui-components": "0.4.0",
        "preact": "^10.10.0",
        "qs": "^6.5.1 < 6.10",
        "search-insights": "^2.13.0"
      },
      "peerDependencies": {
        "algoliasearch": ">= 3.1 < 6"
      }
    },
    "node_modules/js-tokens": {
      "version": "4.0.0",
      "resolved": "https://registry.npmjs.org/js-tokens/-/js-tokens-4.0.0.tgz",
      "integrity": "sha512-RdJUflcE3cUzKiMqQgsCu06FPu9UdIJO0beYbPhHN4k6apgJtifcoCtT9bcxOpYBtpD2kCM6Sbzg4CausW/PKQ=="
    },
    "node_modules/loose-envify": {
      "version": "1.4.0",
      "resolved": "https://registry.npmjs.org/loose-envify/-/loose-envify-1.4.0.tgz",
      "integrity": "sha512-lyuxPGr/Wfhrlem2CL/UcnUc1zcqKAImBDzukY7Y5F/yQiNdko6+fRLevlw1HgMySw7f611UIY408EtxRSoK3Q==",
      "dependencies": {
        "js-tokens": "^3.0.0 || ^4.0.0"
      },
      "bin": {
        "loose-envify": "cli.js"
      }
    },
    "node_modules/mime-db": {
      "version": "1.52.0",
      "resolved": "https://registry.npmjs.org/mime-db/-/mime-db-1.52.0.tgz",
      "integrity": "sha512-sPU4uV7dYlvtWJxwwxHD0PuihVNiE7TyAbQ5SWxDCB9mUYvOgroQOwYQQOKPJ8CIbE+1ETVlOoK1UC2nU3gYvg==",
      "engines": {
        "node": ">= 0.6"
      }
    },
    "node_modules/mime-types": {
      "version": "2.1.35",
      "resolved": "https://registry.npmjs.org/mime-types/-/mime-types-2.1.35.tgz",
      "integrity": "sha512-ZDY+bPm5zTTF+YpCrAU9nK0UgICYPT0QtT1NZWFv4s++TNkcgVaT0g6+4R2uI4MjQjzysHB1zxuWL50hzaeXiw==",
      "dependencies": {
        "mime-db": "1.52.0"
      },
      "engines": {
        "node": ">= 0.6"
      }
    },
    "node_modules/mkdirp": {
      "version": "0.3.0",
      "resolved": "https://registry.npmjs.org/mkdirp/-/mkdirp-0.3.0.tgz",
      "integrity": "sha512-OHsdUcVAQ6pOtg5JYWpCBo9W/GySVuwvP9hueRMW7UqshC0tbfzLv8wjySTPm3tfUZ/21CE9E1pJagOA91Pxew==",
      "deprecated": "Legacy versions of mkdirp are no longer supported. Please update to mkdirp 1.x. (Note that the API surface has changed to use Promises in 1.x.)",
      "engines": {
        "node": "*"
      }
    },
    "node_modules/ms": {
      "version": "2.1.3",
      "resolved": "https://registry.npmjs.org/ms/-/ms-2.1.3.tgz",
      "integrity": "sha512-6FlzubTLZG3J2a/NVCAleEhjzq5oxgHyaCU9yYXvcLsvoVaHJq/s5xXI6/XXP6tz7R9xAOtHnSO/tXtF3WRTlA=="
    },
    "node_modules/nanoid": {
      "version": "3.3.7",
      "resolved": "https://registry.npmjs.org/nanoid/-/nanoid-3.3.7.tgz",
      "integrity": "sha512-eSRppjcPIatRIMC1U6UngP8XFcz8MQWGQdt1MTBQ7NaAmvXDfvNxbvWV3x2y6CdEUciCSsDHDQZbhYaB8QEo2g==",
      "funding": [
        {
          "type": "github",
          "url": "https://github.com/sponsors/ai"
        }
      ],
      "bin": {
        "nanoid": "bin/nanoid.cjs"
      },
      "engines": {
        "node": "^10 || ^12 || ^13.7 || ^14 || >=15.0.1"
      }
    },
    "node_modules/next": {
      "version": "14.1.4",
      "resolved": "https://registry.npmjs.org/next/-/next-14.1.4.tgz",
      "integrity": "sha512-1WTaXeSrUwlz/XcnhGTY7+8eiaFvdet5z9u3V2jb+Ek1vFo0VhHKSAIJvDWfQpttWjnyw14kBeq28TPq7bTeEQ==",
      "dependencies": {
        "@next/env": "14.1.4",
        "@swc/helpers": "0.5.2",
        "busboy": "1.6.0",
        "caniuse-lite": "^1.0.30001579",
        "graceful-fs": "^4.2.11",
        "postcss": "8.4.31",
        "styled-jsx": "5.1.1"
      },
      "bin": {
        "next": "dist/bin/next"
      },
      "engines": {
        "node": ">=18.17.0"
      },
      "optionalDependencies": {
        "@next/swc-darwin-arm64": "14.1.4",
        "@next/swc-darwin-x64": "14.1.4",
        "@next/swc-linux-arm64-gnu": "14.1.4",
        "@next/swc-linux-arm64-musl": "14.1.4",
        "@next/swc-linux-x64-gnu": "14.1.4",
        "@next/swc-linux-x64-musl": "14.1.4",
        "@next/swc-win32-arm64-msvc": "14.1.4",
        "@next/swc-win32-ia32-msvc": "14.1.4",
        "@next/swc-win32-x64-msvc": "14.1.4"
      },
      "peerDependencies": {
        "@opentelemetry/api": "^1.1.0",
        "react": "^18.2.0",
        "react-dom": "^18.2.0",
        "sass": "^1.3.0"
      },
      "peerDependenciesMeta": {
        "@opentelemetry/api": {
          "optional": true
        },
        "sass": {
          "optional": true
        }
      }
    },
    "node_modules/node-domexception": {
      "version": "1.0.0",
      "resolved": "https://registry.npmjs.org/node-domexception/-/node-domexception-1.0.0.tgz",
      "integrity": "sha512-/jKZoMpw0F8GRwl4/eLROPA3cfcXtLApP0QzLmUT/HuPCZWyB7IY9ZrMeKw2O/nFIqPQB3PVM9aYm0F312AXDQ==",
      "funding": [
        {
          "type": "github",
          "url": "https://github.com/sponsors/jimmywarting"
        },
        {
          "type": "github",
          "url": "https://paypal.me/jimmywarting"
        }
      ],
      "engines": {
        "node": ">=10.5.0"
      }
    },
    "node_modules/node-fetch": {
      "version": "2.7.0",
      "resolved": "https://registry.npmjs.org/node-fetch/-/node-fetch-2.7.0.tgz",
      "integrity": "sha512-c4FRfUm/dbcWZ7U+1Wq0AwCyFL+3nt2bEw05wfxSz+DWpWsitgmSgYmy2dQdWyKC1694ELPqMs/YzUSNozLt8A==",
      "dependencies": {
        "whatwg-url": "^5.0.0"
      },
      "engines": {
        "node": "4.x || >=6.0.0"
      },
      "peerDependencies": {
        "encoding": "^0.1.0"
      },
      "peerDependenciesMeta": {
        "encoding": {
          "optional": true
        }
      }
    },
    "node_modules/nopt": {
      "version": "1.0.10",
      "resolved": "https://registry.npmjs.org/nopt/-/nopt-1.0.10.tgz",
      "integrity": "sha512-NWmpvLSqUrgrAC9HCuxEvb+PSloHpqVu+FqcO4eeF2h5qYRhA7ev6KvelyQAKtegUbC6RypJnlEOhd8vloNKYg==",
      "dependencies": {
        "abbrev": "1"
      },
      "bin": {
        "nopt": "bin/nopt.js"
      },
      "engines": {
        "node": "*"
      }
    },
    "node_modules/openai": {
      "version": "4.36.0",
      "resolved": "https://registry.npmjs.org/openai/-/openai-4.36.0.tgz",
      "integrity": "sha512-AtYrhhWY64LhB9P6f3H0nV8nTSaQJ89mWPnfNU5CnYg81zlYaV8nkyO+aTNfprdqP/9xv10woNNUgefXINT4Dg==",
      "dependencies": {
        "@types/node": "^18.11.18",
        "@types/node-fetch": "^2.6.4",
        "abort-controller": "^3.0.0",
        "agentkeepalive": "^4.2.1",
        "form-data-encoder": "1.7.2",
        "formdata-node": "^4.3.2",
        "node-fetch": "^2.6.7",
        "web-streams-polyfill": "^3.2.1"
      },
      "bin": {
        "openai": "bin/cli"
      }
    },
    "node_modules/picocolors": {
      "version": "1.0.0",
      "resolved": "https://registry.npmjs.org/picocolors/-/picocolors-1.0.0.tgz",
      "integrity": "sha512-1fygroTLlHu66zi26VoTDv8yRgm0Fccecssto+MhsZ0D/DGW2sm8E8AjW7NU5VVTRt5GxbeZ5qBuJr+HyLYkjQ=="
    },
    "node_modules/postcss": {
      "version": "8.4.31",
      "resolved": "https://registry.npmjs.org/postcss/-/postcss-8.4.31.tgz",
      "integrity": "sha512-PS08Iboia9mts/2ygV3eLpY5ghnUcfLV/EXTOW1E2qYxJKGGBUtNjN76FYHnMs36RmARn41bC0AZmn+rR0OVpQ==",
      "funding": [
        {
          "type": "opencollective",
          "url": "https://opencollective.com/postcss/"
        },
        {
          "type": "tidelift",
          "url": "https://tidelift.com/funding/github/npm/postcss"
        },
        {
          "type": "github",
          "url": "https://github.com/sponsors/ai"
        }
      ],
      "dependencies": {
        "nanoid": "^3.3.6",
        "picocolors": "^1.0.0",
        "source-map-js": "^1.0.2"
      },
      "engines": {
        "node": "^10 || ^12 || >=14"
      }
    },
    "node_modules/preact": {
      "version": "10.20.2",
      "resolved": "https://registry.npmjs.org/preact/-/preact-10.20.2.tgz",
      "integrity": "sha512-S1d1ernz3KQ+Y2awUxKakpfOg2CEmJmwOP+6igPx6dgr6pgDvenqYviyokWso2rhHvGtTlWWnJDa7RaPbQerTg==",
      "funding": {
        "type": "opencollective",
        "url": "https://opencollective.com/preact"
      }
    },
    "node_modules/qs": {
      "version": "6.9.7",
      "resolved": "https://registry.npmjs.org/qs/-/qs-6.9.7.tgz",
      "integrity": "sha512-IhMFgUmuNpyRfxA90umL7ByLlgRXu6tIfKPpF5TmcfRLlLCckfP/g3IQmju6jjpu+Hh8rA+2p6A27ZSPOOHdKw==",
      "engines": {
        "node": ">=0.6"
      },
      "funding": {
        "url": "https://github.com/sponsors/ljharb"
      }
    },
    "node_modules/react": {
      "version": "18.2.0",
      "resolved": "https://registry.npmjs.org/react/-/react-18.2.0.tgz",
      "integrity": "sha512-/3IjMdb2L9QbBdWiW5e3P2/npwMBaU9mHCSCUzNln0ZCYbcfTsGbTJrU/kGemdH2IWmB2ioZ+zkxtmq6g09fGQ==",
      "dependencies": {
        "loose-envify": "^1.1.0"
      },
      "engines": {
        "node": ">=0.10.0"
      }
    },
    "node_modules/react-dom": {
      "version": "18.2.0",
      "resolved": "https://registry.npmjs.org/react-dom/-/react-dom-18.2.0.tgz",
      "integrity": "sha512-6IMTriUmvsjHUjNtEDudZfuDQUoWXVxKHhlEGSk81n4YFS+r/Kl99wXiwlVXtPBtJenozv2P+hxDsw9eA7Xo6g==",
      "dependencies": {
        "loose-envify": "^1.1.0",
        "scheduler": "^0.23.0"
      },
      "peerDependencies": {
        "react": "^18.2.0"
      }
    },
    "node_modules/react-instantsearch": {
      "version": "7.7.1",
      "resolved": "https://registry.npmjs.org/react-instantsearch/-/react-instantsearch-7.7.1.tgz",
      "integrity": "sha512-o6nLY4IZWql6m0LYFSKpPKlAZ8zV3fwnwgswGs1okdw2skb3TXB535/mQCQZF39YjrUqBc3thl/YMnEDnKtVaQ==",
      "dependencies": {
        "@babel/runtime": "^7.1.2",
        "instantsearch-ui-components": "0.4.0",
        "instantsearch.js": "4.66.1",
        "react-instantsearch-core": "7.7.1"
      },
      "peerDependencies": {
        "algoliasearch": ">= 3.1 < 5",
        "react": ">= 16.8.0 < 19",
        "react-dom": ">= 16.8.0 < 19"
      }
    },
    "node_modules/react-instantsearch-core": {
      "version": "7.7.1",
      "resolved": "https://registry.npmjs.org/react-instantsearch-core/-/react-instantsearch-core-7.7.1.tgz",
      "integrity": "sha512-OTvf/QtJT5zd+EQW+osjPPFNr7Vo9FAzy/zUxeeP+87IS6tiUpQQEDhgFFYBbvU5+97pYl9YmvGQARakNDHJOw==",
      "dependencies": {
        "@babel/runtime": "^7.1.2",
        "algoliasearch-helper": "3.17.0",
        "instantsearch.js": "4.66.1",
        "use-sync-external-store": "^1.0.0"
      },
      "peerDependencies": {
        "algoliasearch": ">= 3.1 < 5",
        "react": ">= 16.8.0 < 19"
      }
    },
    "node_modules/regenerator-runtime": {
      "version": "0.14.1",
      "resolved": "https://registry.npmjs.org/regenerator-runtime/-/regenerator-runtime-0.14.1.tgz",
      "integrity": "sha512-dYnhHh0nJoMfnkZs6GmmhFknAGRrLznOu5nc9ML+EJxGvrx6H7teuevqVqCuPcPK//3eDrrjQhehXVx9cnkGdw=="
    },
    "node_modules/scheduler": {
      "version": "0.23.0",
      "resolved": "https://registry.npmjs.org/scheduler/-/scheduler-0.23.0.tgz",
      "integrity": "sha512-CtuThmgHNg7zIZWAXi3AsyIzA3n4xx7aNyjwC2VJldO2LMVDhFK+63xGqq6CsJH4rTAt6/M+N4GhZiDYPx9eUw==",
      "dependencies": {
        "loose-envify": "^1.1.0"
      }
    },
    "node_modules/search-insights": {
      "version": "2.13.0",
      "resolved": "https://registry.npmjs.org/search-insights/-/search-insights-2.13.0.tgz",
      "integrity": "sha512-Orrsjf9trHHxFRuo9/rzm0KIWmgzE8RMlZMzuhZOJ01Rnz3D0YBAe+V6473t6/H6c7irs6Lt48brULAiRWb3Vw=="
    },
    "node_modules/source-map-js": {
      "version": "1.2.0",
      "resolved": "https://registry.npmjs.org/source-map-js/-/source-map-js-1.2.0.tgz",
      "integrity": "sha512-itJW8lvSA0TXEphiRoawsCksnlf8SyvmFzIhltqAHluXd88pkCd+cXJVHTDwdCr0IzwptSm035IHQktUu1QUMg==",
      "engines": {
        "node": ">=0.10.0"
      }
    },
    "node_modules/streamsearch": {
      "version": "1.1.0",
      "resolved": "https://registry.npmjs.org/streamsearch/-/streamsearch-1.1.0.tgz",
      "integrity": "sha512-Mcc5wHehp9aXz1ax6bZUyY5afg9u2rv5cqQI3mRrYkGC8rW2hM02jWuwjtL++LS5qinSyhj2QfLyNsuc+VsExg==",
      "engines": {
        "node": ">=10.0.0"
      }
    },
    "node_modules/styled-jsx": {
      "version": "5.1.1",
      "resolved": "https://registry.npmjs.org/styled-jsx/-/styled-jsx-5.1.1.tgz",
      "integrity": "sha512-pW7uC1l4mBZ8ugbiZrcIsiIvVx1UmTfw7UkC3Um2tmfUq9Bhk8IiyEIPl6F8agHgjzku6j0xQEZbfA5uSgSaCw==",
      "dependencies": {
        "client-only": "0.0.1"
      },
      "engines": {
        "node": ">= 12.0.0"
      },
      "peerDependencies": {
        "react": ">= 16.8.0 || 17.x.x || ^18.0.0-0"
      },
      "peerDependenciesMeta": {
        "@babel/core": {
          "optional": true
        },
        "babel-plugin-macros": {
          "optional": true
        }
      }
    },
    "node_modules/tr46": {
      "version": "0.0.3",
      "resolved": "https://registry.npmjs.org/tr46/-/tr46-0.0.3.tgz",
      "integrity": "sha512-N3WMsuqV66lT30CrXNbEjx4GEwlow3v6rr4mCcv6prnfwhS01rkgyFdjPNBYd9br7LpXV1+Emh01fHnq2Gdgrw=="
    },
    "node_modules/tslib": {
      "version": "2.6.2",
      "resolved": "https://registry.npmjs.org/tslib/-/tslib-2.6.2.tgz",
      "integrity": "sha512-AEYxH93jGFPn/a2iVAwW87VuUIkR1FVUKB77NwMF7nBTDkDrrT/Hpt/IrCJ0QXhW27jTBDcf5ZY7w6RiqTMw2Q=="
    },
    "node_modules/undici-types": {
      "version": "5.26.5",
      "resolved": "https://registry.npmjs.org/undici-types/-/undici-types-5.26.5.tgz",
      "integrity": "sha512-JlCMO+ehdEIKqlFxk6IfVoAUVmgz7cU7zD/h9XZ0qzeosSHmUJVOzSQvvYSYWXkFXC+IfLKSIffhv0sVZup6pA=="
    },
    "node_modules/use-sync-external-store": {
      "version": "1.2.0",
      "resolved": "https://registry.npmjs.org/use-sync-external-store/-/use-sync-external-store-1.2.0.tgz",
      "integrity": "sha512-eEgnFxGQ1Ife9bzYs6VLi8/4X6CObHMw9Qr9tPY43iKwsPw8xE8+EFsf/2cFZ5S3esXgpWgtSCtLNS41F+sKPA==",
      "peerDependencies": {
        "react": "^16.8.0 || ^17.0.0 || ^18.0.0"
      }
    },
    "node_modules/web-streams-polyfill": {
      "version": "3.3.3",
      "resolved": "https://registry.npmjs.org/web-streams-polyfill/-/web-streams-polyfill-3.3.3.tgz",
      "integrity": "sha512-d2JWLCivmZYTSIoge9MsgFCZrt571BikcWGYkjC1khllbTeDlGqZ2D8vD8E/lJa8WGWbb7Plm8/XJYV7IJHZZw==",
      "engines": {
        "node": ">= 8"
      }
    },
    "node_modules/webidl-conversions": {
      "version": "3.0.1",
      "resolved": "https://registry.npmjs.org/webidl-conversions/-/webidl-conversions-3.0.1.tgz",
      "integrity": "sha512-2JAn3z8AR6rjK8Sm8orRC0h/bcl/DqL7tRPdGZ4I1CjdF+EaMLmYxBHyXuKL849eucPFhvBoxMsflfOb8kxaeQ=="
    },
    "node_modules/whatwg-url": {
      "version": "5.0.0",
      "resolved": "https://registry.npmjs.org/whatwg-url/-/whatwg-url-5.0.0.tgz",
      "integrity": "sha512-saE57nupxk6v3HY35+jzBwYa0rKSy0XR8JSxZPwgLr7ys0IBzhGviA1/TUGJLmSVqs8pb9AnvICXEuOHLprYTw==",
      "dependencies": {
        "tr46": "~0.0.3",
        "webidl-conversions": "^3.0.0"
      }
    }
  }
}
